lockfileVersion: '9.0'

settings:
  autoInstallPeers: true
  excludeLinksFromLockfile: false

importers:

  .:
    dependencies:
      dotenv:
        specifier: ^17.3.1
        version: 17.3.1
      openai:
        specifier: ^6.31.0
        version: 6.31.0

packages:

  dotenv@17.3.1:
    resolution: {integrity: sha512-IO8C/dzEb6O3F9/twg6ZLXz164a2fhTnEWb95H23Dm4OuN+92NmEAlTrupP9VW6Jm3sO26tQlqyvyi4CsnY9GA==}
    engines: {node: '>=12'}

  openai@6.31.0:
    resolution: {integrity: sha512-iqEn3QY1NnVrDOynUWA2Fjs04gzZ0m7fbwR9xZVFmcN1cqQwslMQM2sjQBNkTVFK/rrSvV78SXiBgU+Pyqz1Aw==}
    hasBin: true
    peerDependencies:
      ws: ^8.18.0
      zod: ^3.25 || ^4.0
    peerDependenciesMeta:
      ws:
        optional: true
      zod:
        optional: true

snapshots:

  dotenv@17.3.1: {}

  openai@6.31.0: {}
